
Microsoft Visual Studio Solution File, Format Version 12.00
# Visual Studio Version 17
VisualStudioVersion = 17.8.34330.188
MinimumVisualStudioVersion = 10.0.40219.1
Project("{FAE04EC0-301F-11D3-BF4B-00C04F79EFBC}") = "week8", "week8\week8.csproj", "{BC06D26F-7EFD-46D7-8C56-117FCC4A5151}"
EndProject
Global
	GlobalSection(SolutionConfigurationPlatforms) = preSolution
		Debug|Any CPU = Debug|Any CPU
		Release|Any CPU = Release|Any CPU
	EndGlobalSection
	GlobalSection(ProjectConfigurationPlatforms) = postSolution
		{BC06D26F-7EFD-46D7-8C56-117FCC4A5151}.Debug|Any CPU.ActiveCfg = Debug|Any CPU
		{BC06D26F-7EFD-46D7-8C56-117FCC4A5151}.Debug|Any CPU.Build.0 = Debug|Any CPU
		{BC06D26F-7EFD-46D7-8C56-117FCC4A5151}.Release|Any CPU.ActiveCfg = Release|Any CPU
		{BC06D26F-7EFD-46D7-8C56-117FCC4A5151}.Release|Any CPU.Build.0 = Release|Any CPU
	EndGlobalSection
	GlobalSection(SolutionProperties) = preSolution
		HideSolutionNode = FALSE
	EndGlobalSection
	GlobalSection(ExtensibilityGlobals) = postSolution
		SolutionGuid = {E336BB79-9280-4D80-BBA4-696C2B5039C0}
	EndGlobalSection
EndGlobal
